
Microsoft Visual Studio Solution File, Format Version 12.00
# Visual Studio Version 17
VisualStudioVersion = 17.14.36310.24 d17.14
MinimumVisualStudioVersion = 10.0.40219.1
Project("{FAE04EC0-301F-11D3-BF4B-00C04F79EFBC}") = "printer", "printer.csproj", "{D70E8C82-6104-4BB5-9719-EA77E8F5FEC8}"
EndProject
Global
	GlobalSection(SolutionConfigurationPlatforms) = preSolution
		Debug|Any CPU = Debug|Any CPU
		Release|Any CPU = Release|Any CPU
	EndGlobalSection
	GlobalSection(ProjectConfigurationPlatforms) = postSolution
		{D70E8C82-6104-4BB5-9719-EA77E8F5FEC8}.Debug|Any CPU.ActiveCfg = Debug|Any CPU
		{D70E8C82-6104-4BB5-9719-EA77E8F5FEC8}.Debug|Any CPU.Build.0 = Debug|Any CPU
		{D70E8C82-6104-4BB5-9719-EA77E8F5FEC8}.Release|Any CPU.ActiveCfg = Release|Any CPU
		{D70E8C82-6104-4BB5-9719-EA77E8F5FEC8}.Release|Any CPU.Build.0 = Release|Any CPU
	EndGlobalSection
	GlobalSection(SolutionProperties) = preSolution
		HideSolutionNode = FALSE
	EndGlobalSection
	GlobalSection(ExtensibilityGlobals) = postSolution
		SolutionGuid = {9666D36A-C742-427A-84DF-7A3B8CD2937E}
	EndGlobalSection
EndGlobal
