
Microsoft Visual Studio Solution File, Format Version 12.00
# Visual Studio Version 17
VisualStudioVersion = 17.14.36327.8 d17.14
MinimumVisualStudioVersion = 10.0.40219.1
Project("{FAE04EC0-301F-11D3-BF4B-00C04F79EFBC}") = "Arithmatic", "Arithmatic\Arithmatic.csproj", "{14DD7162-72A8-47CF-9EA7-081241A90A8C}"
EndProject
Global
	GlobalSection(SolutionConfigurationPlatforms) = preSolution
		Debug|Any CPU = Debug|Any CPU
		Release|Any CPU = Release|Any CPU
	EndGlobalSection
	GlobalSection(ProjectConfigurationPlatforms) = postSolution
		{14DD7162-72A8-47CF-9EA7-081241A90A8C}.Debug|Any CPU.ActiveCfg = Debug|Any CPU
		{14DD7162-72A8-47CF-9EA7-081241A90A8C}.Debug|Any CPU.Build.0 = Debug|Any CPU
		{14DD7162-72A8-47CF-9EA7-081241A90A8C}.Release|Any CPU.ActiveCfg = Release|Any CPU
		{14DD7162-72A8-47CF-9EA7-081241A90A8C}.Release|Any CPU.Build.0 = Release|Any CPU
	EndGlobalSection
	GlobalSection(SolutionProperties) = preSolution
		HideSolutionNode = FALSE
	EndGlobalSection
	GlobalSection(ExtensibilityGlobals) = postSolution
		SolutionGuid = {A9E9A640-D129-4723-BCEA-413A15359BA5}
	EndGlobalSection
EndGlobal
