
Microsoft Visual Studio Solution File, Format Version 12.00
# Visual Studio Version 17
VisualStudioVersion = 17.14.36310.24 d17.14
MinimumVisualStudioVersion = 10.0.40219.1
Project("{FAE04EC0-301F-11D3-BF4B-00C04F79EFBC}") = "desert", "desert\desert.csproj", "{76A98624-5045-4D88-8B2F-8219391E82EB}"
EndProject
Global
	GlobalSection(SolutionConfigurationPlatforms) = preSolution
		Debug|Any CPU = Debug|Any CPU
		Release|Any CPU = Release|Any CPU
	EndGlobalSection
	GlobalSection(ProjectConfigurationPlatforms) = postSolution
		{76A98624-5045-4D88-8B2F-8219391E82EB}.Debug|Any CPU.ActiveCfg = Debug|Any CPU
		{76A98624-5045-4D88-8B2F-8219391E82EB}.Debug|Any CPU.Build.0 = Debug|Any CPU
		{76A98624-5045-4D88-8B2F-8219391E82EB}.Release|Any CPU.ActiveCfg = Release|Any CPU
		{76A98624-5045-4D88-8B2F-8219391E82EB}.Release|Any CPU.Build.0 = Release|Any CPU
	EndGlobalSection
	GlobalSection(SolutionProperties) = preSolution
		HideSolutionNode = FALSE
	EndGlobalSection
	GlobalSection(ExtensibilityGlobals) = postSolution
		SolutionGuid = {35953529-5899-42ED-881C-231FA1029AE8}
	EndGlobalSection
EndGlobal
